<Solution>
    <Folder Name="/src/">
        <Project Path="Partas.GitNet.Markdown\Partas.GitNet.Markdown.fsproj" Type="Classic F#" />
        <Project Path="Partas.GitNet\Partas.GitNet.fsproj" Type="Classic F#" />
        <Project Path="Partas.Tools.SepochSemver\Partas.Tools.SepochSemver.fsproj" Type="Classic F#" />
    </Folder>
</Solution>
